// !$*UTF8*$!
{
	archiveVersion = 1;
	classes = {
	};
	objectVersion = 50;
	objects = {

/* Begin PBXBuildFile section */
		AD1F4725251FA00E000CA937 /* AppDelegate.swift in Sources */ = {isa = PBXBuildFile; fileRef = AD1F4724251FA00E000CA937 /* AppDelegate.swift */; };
		AD1F4727251FA00E000CA937 /* SceneDelegate.swift in Sources */ = {isa = PBXBuildFile; fileRef = AD1F4726251FA00E000CA937 /* SceneDelegate.swift */; };
		AD1F4729251FA00E000CA937 /* QuizViewController.swift in Sources */ = {isa = PBXBuildFile; fileRef = AD1F4728251FA00E000CA937 /* QuizViewController.swift */; };
		AD1F472C251FA00E000CA937 /* Main.storyboard in Resources */ = {isa = PBXBuildFile; fileRef = AD1F472A251FA00E000CA937 /* Main.storyboard */; };
		AD1F472E251FA00F000CA937 /* Assets.xcassets in Resources */ = {isa = PBXBuildFile; fileRef = AD1F472D251FA00F000CA937 /* Assets.xcassets */; };
		AD1F4731251FA00F000CA937 /* LaunchScreen.storyboard in Resources */ = {isa = PBXBuildFile; fileRef = AD1F472F251FA00F000CA937 /* LaunchScreen.storyboard */; };
		AD1F477F251FA966000CA937 /* Logo.swift in Sources */ = {isa = PBXBuildFile; fileRef = AD1F477E251FA966000CA937 /* Logo.swift */; };
		AD523FE72523A34600DA5A9F /* FloatingActionButton.swift in Sources */ = {isa = PBXBuildFile; fileRef = AD523FE62523A34600DA5A9F /* FloatingActionButton.swift */; };
/* End PBXBuildFile section */

/* Begin PBXContainerItemProxy section */
		AD1F4738251FA00F000CA937 /* PBXContainerItemProxy */ = {
			isa = PBXContainerItemProxy;
			containerPortal = AD1F4719251FA00E000CA937 /* Project object */;
			proxyType = 1;
			remoteGlobalIDString = AD1F4720251FA00E000CA937;
			remoteInfo = "Quiz App";
		};
		AD1F4743251FA00F000CA937 /* PBXContainerItemProxy */ = {
			isa = PBXContainerItemProxy;
			containerPortal = AD1F4719251FA00E000CA937 /* Project object */;
			proxyType = 1;
			remoteGlobalIDString = AD1F4720251FA00E000CA937;
			remoteInfo = "Quiz App";
		};
/* End PBXContainerItemProxy section */

/* Begin PBXFileReference section */
		AD1F4721251FA00E000CA937 /* Quiz App.app */ = {isa = PBXFileReference; explicitFileType = wrapper.application; includeInIndex = 0; path = "Quiz App.app"; sourceTree = BUILT_PRODUCTS_DIR; };
		AD1F4724251FA00E000CA937 /* AppDelegate.swift */ = {isa = PBXFileReference; lastKnownFileType = sourcecode.swift; path = AppDelegate.swift; sourceTree = "<group>"; };
		AD1F4726251FA00E000CA937 /* SceneDelegate.swift */ = {isa = PBXFileReference; lastKnownFileType = sourcecode.swift; path = SceneDelegate.swift; sourceTree = "<group>"; };
		AD1F4728251FA00E000CA937 /* QuizViewController.swift */ = {isa = PBXFileReference; lastKnownFileType = sourcecode.swift; path = QuizViewController.swift; sourceTree = "<group>"; };
		AD1F472B251FA00E000CA937 /* Base */ = {isa = PBXFileReference; lastKnownFileType = file.storyboard; name = Base; path = Base.lproj/Main.storyboard; sourceTree = "<group>"; };
		AD1F472D251FA00F000CA937 /* Assets.xcassets */ = {isa = PBXFileReference; lastKnownFileType = folder.assetcatalog; path = Assets.xcassets; sourceTree = "<group>"; };
		AD1F4730251FA00F000CA937 /* Base */ = {isa = PBXFileReference; lastKnownFileType = file.storyboard; name = Base; path = Base.lproj/LaunchScreen.storyboard; sourceTree = "<group>"; };
		AD1F4732251FA00F000CA937 /* Info.plist */ = {isa = PBXFileReference; lastKnownFileType = text.plist.xml; path = Info.plist; sourceTree = "<group>"; };
		AD1F4737251FA00F000CA937 /* Quiz AppTests.xctest */ = {isa = PBXFileReference; explicitFileType = wrapper.cfbundle; includeInIndex = 0; path = "Quiz AppTests.xctest"; sourceTree = BUILT_PRODUCTS_DIR; };
		AD1F4742251FA00F000CA937 /* Quiz AppUITests.xctest */ = {isa = PBXFileReference; explicitFileType = wrapper.cfbundle; includeInIndex = 0; path = "Quiz AppUITests.xctest"; sourceTree = BUILT_PRODUCTS_DIR; };
		AD1F477E251FA966000CA937 /* Logo.swift */ = {isa = PBXFileReference; lastKnownFileType = sourcecode.swift; path = Logo.swift; sourceTree = "<group>"; };
		AD523FE62523A34600DA5A9F /* FloatingActionButton.swift */ = {isa = PBXFileReference; lastKnownFileType = sourcecode.swift; path = FloatingActionButton.swift; sourceTree = "<group>"; };
		ADF13DEF2523ACCF00D80275 /* Papyrus.ttc */ = {isa = PBXFileReference; lastKnownFileType = file; path = Papyrus.ttc; sourceTree = "<group>"; };
/* End PBXFileReference section */

/* Begin PBXFrameworksBuildPhase section */
		AD1F471E251FA00E000CA937 /* Frameworks */ = {
			isa = PBXFrameworksBuildPhase;
			buildActionMask = 2147483647;
			files = (
			);
			runOnlyForDeploymentPostprocessing = 0;
		};
		AD1F4734251FA00F000CA937 /* Frameworks */ = {
			isa = PBXFrameworksBuildPhase;
			buildActionMask = 2147483647;
			files = (
			);
			runOnlyForDeploymentPostprocessing = 0;
		};
		AD1F473F251FA00F000CA937 /* Frameworks */ = {
			isa = PBXFrameworksBuildPhase;
			buildActionMask = 2147483647;
			files = (
			);
			runOnlyForDeploymentPostprocessing = 0;
		};
/* End PBXFrameworksBuildPhase section */

/* Begin PBXGroup section */
		AD1F4718251FA00E000CA937 = {
			isa = PBXGroup;
			children = (
				AD1F4723251FA00E000CA937 /* Quiz App */,
				AD1F4722251FA00E000CA937 /* Products */,
			);
			sourceTree = "<group>";
		};
		AD1F4722251FA00E000CA937 /* Products */ = {
			isa = PBXGroup;
			children = (
				AD1F4721251FA00E000CA937 /* Quiz App.app */,
				AD1F4737251FA00F000CA937 /* Quiz AppTests.xctest */,
				AD1F4742251FA00F000CA937 /* Quiz AppUITests.xctest */,
			);
			name = Products;
			sourceTree = "<group>";
		};
		AD1F4723251FA00E000CA937 /* Quiz App */ = {
			isa = PBXGroup;
			children = (
				ADF13DEF2523ACCF00D80275 /* Papyrus.ttc */,
				AD1F477D251FA957000CA937 /* Model */,
				AD1F475B251FA06B000CA937 /* Storyboards */,
				AD1F475A251FA049000CA937 /* ViewControllers */,
				AD1F4724251FA00E000CA937 /* AppDelegate.swift */,
				AD1F4726251FA00E000CA937 /* SceneDelegate.swift */,
				AD1F472D251FA00F000CA937 /* Assets.xcassets */,
				AD1F4732251FA00F000CA937 /* Info.plist */,
				AD523FE62523A34600DA5A9F /* FloatingActionButton.swift */,
			);
			path = "Quiz App";
			sourceTree = "<group>";
		};
		AD1F475A251FA049000CA937 /* ViewControllers */ = {
			isa = PBXGroup;
			children = (
				AD1F4728251FA00E000CA937 /* QuizViewController.swift */,
			);
			path = ViewControllers;
			sourceTree = "<group>";
		};
		AD1F475B251FA06B000CA937 /* Storyboards */ = {
			isa = PBXGroup;
			children = (
				AD1F472A251FA00E000CA937 /* Main.storyboard */,
				AD1F472F251FA00F000CA937 /* LaunchScreen.storyboard */,
			);
			path = Storyboards;
			sourceTree = "<group>";
		};
		AD1F477D251FA957000CA937 /* Model */ = {
			isa = PBXGroup;
			children = (
				ADFB3D9625220CCC00E3235D /* modes */,
				AD1F477E251FA966000CA937 /* Logo.swift */,
			);
			path = Model;
			sourceTree = "<group>";
		};
		ADFB3D9625220CCC00E3235D /* modes */ = {
			isa = PBXGroup;
			children = (
			);
			path = modes;
			sourceTree = "<group>";
		};
/* End PBXGroup section */

/* Begin PBXNativeTarget section */
		AD1F4720251FA00E000CA937 /* Quiz App */ = {
			isa = PBXNativeTarget;
			buildConfigurationList = AD1F474B251FA00F000CA937 /* Build configuration list for PBXNativeTarget "Quiz App" */;
			buildPhases = (
				AD1F471D251FA00E000CA937 /* Sources */,
				AD1F471E251FA00E000CA937 /* Frameworks */,
				AD1F471F251FA00E000CA937 /* Resources */,
			);
			buildRules = (
			);
			dependencies = (
			);
			name = "Quiz App";
			productName = "Quiz App";
			productReference = AD1F4721251FA00E000CA937 /* Quiz App.app */;
			productType = "com.apple.product-type.application";
		};
		AD1F4736251FA00F000CA937 /* Quiz AppTests */ = {
			isa = PBXNativeTarget;
			buildConfigurationList = AD1F474E251FA00F000CA937 /* Build configuration list for PBXNativeTarget "Quiz AppTests" */;
			buildPhases = (
				AD1F4733251FA00F000CA937 /* Sources */,
				AD1F4734251FA00F000CA937 /* Frameworks */,
				AD1F4735251FA00F000CA937 /* Resources */,
			);
			buildRules = (
			);
			dependencies = (
				AD1F4739251FA00F000CA937 /* PBXTargetDependency */,
			);
			name = "Quiz AppTests";
			productName = "Quiz AppTests";
			productReference = AD1F4737251FA00F000CA937 /* Quiz AppTests.xctest */;
			productType = "com.apple.product-type.bundle.unit-test";
		};
		AD1F4741251FA00F000CA937 /* Quiz AppUITests */ = {
			isa = PBXNativeTarget;
			buildConfigurationList = AD1F4751251FA00F000CA937 /* Build configuration list for PBXNativeTarget "Quiz AppUITests" */;
			buildPhases = (
				AD1F473E251FA00F000CA937 /* Sources */,
				AD1F473F251FA00F000CA937 /* Frameworks */,
				AD1F4740251FA00F000CA937 /* Resources */,
			);
			buildRules = (
			);
			dependencies = (
				AD1F4744251FA00F000CA937 /* PBXTargetDependency */,
			);
			name = "Quiz AppUITests";
			productName = "Quiz AppUITests";
			productReference = AD1F4742251FA00F000CA937 /* Quiz AppUITests.xctest */;
			productType = "com.apple.product-type.bundle.ui-testing";
		};
/* End PBXNativeTarget section */

/* Begin PBXProject section */
		AD1F4719251FA00E000CA937 /* Project object */ = {
			isa = PBXProject;
			attributes = {
				LastSwiftUpdateCheck = 1200;
				LastUpgradeCheck = 1200;
				TargetAttributes = {
					AD1F4720251FA00E000CA937 = {
						CreatedOnToolsVersion = 12.0;
					};
					AD1F4736251FA00F000CA937 = {
						CreatedOnToolsVersion = 12.0;
						TestTargetID = AD1F4720251FA00E000CA937;
					};
					AD1F4741251FA00F000CA937 = {
						CreatedOnToolsVersion = 12.0;
						TestTargetID = AD1F4720251FA00E000CA937;
					};
				};
			};
			buildConfigurationList = AD1F471C251FA00E000CA937 /* Build configuration list for PBXProject "Quiz App" */;
			compatibilityVersion = "Xcode 9.3";
			developmentRegion = en;
			hasScannedForEncodings = 0;
			knownRegions = (
				en,
				Base,
			);
			mainGroup = AD1F4718251FA00E000CA937;
			productRefGroup = AD1F4722251FA00E000CA937 /* Products */;
			projectDirPath = "";
			projectRoot = "";
			targets = (
				AD1F4720251FA00E000CA937 /* Quiz App */,
				AD1F4736251FA00F000CA937 /* Quiz AppTests */,
				AD1F4741251FA00F000CA937 /* Quiz AppUITests */,
			);
		};
/* End PBXProject section */

/* Begin PBXResourcesBuildPhase section */
		AD1F471F251FA00E000CA937 /* Resources */ = {
			isa = PBXResourcesBuildPhase;
			buildActionMask = 2147483647;
			files = (
				AD1F4731251FA00F000CA937 /* LaunchScreen.storyboard in Resources */,
				AD1F472E251FA00F000CA937 /* Assets.xcassets in Resources */,
				AD1F472C251FA00E000CA937 /* Main.storyboard in Resources */,
			);
			runOnlyForDeploymentPostprocessing = 0;
		};
		AD1F4735251FA00F000CA937 /* Resources */ = {
			isa = PBXResourcesBuildPhase;
			buildActionMask = 2147483647;
			files = (
			);
			runOnlyForDeploymentPostprocessing = 0;
		};
		AD1F4740251FA00F000CA937 /* Resources */ = {
			isa = PBXResourcesBuildPhase;
			buildActionMask = 2147483647;
			files = (
			);
			runOnlyForDeploymentPostprocessing = 0;
		};
/* End PBXResourcesBuildPhase section */

/* Begin PBXSourcesBuildPhase section */
		AD1F471D251FA00E000CA937 /* Sources */ = {
			isa = PBXSourcesBuildPhase;
			buildActionMask = 2147483647;
			files = (
				AD1F4729251FA00E000CA937 /* QuizViewController.swift in Sources */,
				AD523FE72523A34600DA5A9F /* FloatingActionButton.swift in Sources */,
				AD1F4725251FA00E000CA937 /* AppDelegate.swift in Sources */,
				AD1F4727251FA00E000CA937 /* SceneDelegate.swift in Sources */,
				AD1F477F251FA966000CA937 /* Logo.swift in Sources */,
			);
			runOnlyForDeploymentPostprocessing = 0;
		};
		AD1F4733251FA00F000CA937 /* Sources */ = {
			isa = PBXSourcesBuildPhase;
			buildActionMask = 2147483647;
			files = (
			);
			runOnlyForDeploymentPostprocessing = 0;
		};
		AD1F473E251FA00F000CA937 /* Sources */ = {
			isa = PBXSourcesBuildPhase;
			buildActionMask = 2147483647;
			files = (
			);
			runOnlyForDeploymentPostprocessing = 0;
		};
/* End PBXSourcesBuildPhase section */

/* Begin PBXTargetDependency section */
		AD1F4739251FA00F000CA937 /* PBXTargetDependency */ = {
			isa = PBXTargetDependency;
			target = AD1F4720251FA00E000CA937 /* Quiz App */;
			targetProxy = AD1F4738251FA00F000CA937 /* PBXContainerItemProxy */;
		};
		AD1F4744251FA00F000CA937 /* PBXTargetDependency */ = {
			isa = PBXTargetDependency;
			target = AD1F4720251FA00E000CA937 /* Quiz App */;
			targetProxy = AD1F4743251FA00F000CA937 /* PBXContainerItemProxy */;
		};
/* End PBXTargetDependency section */

/* Begin PBXVariantGroup section */
		AD1F472A251FA00E000CA937 /* Main.storyboard */ = {
			isa = PBXVariantGroup;
			children = (
				AD1F472B251FA00E000CA937 /* Base */,
			);
			name = Main.storyboard;
			sourceTree = "<group>";
		};
		AD1F472F251FA00F000CA937 /* LaunchScreen.storyboard */ = {
			isa = PBXVariantGroup;
			children = (
				AD1F4730251FA00F000CA937 /* Base */,
			);
			name = LaunchScreen.storyboard;
			sourceTree = "<group>";
		};
/* End PBXVariantGroup section */

/* Begin XCBuildConfiguration section */
		AD1F4749251FA00F000CA937 /* Debug */ = {
			isa = XCBuildConfiguration;
			buildSettings = {
				ALWAYS_SEARCH_USER_PATHS = NO;
				CLANG_ANALYZER_NONNULL = YES;
				CLANG_ANALYZER_NUMBER_OBJECT_CONVERSION = YES_AGGRESSIVE;
				CLANG_CXX_LANGUAGE_STANDARD = "gnu++14";
				CLANG_CXX_LIBRARY = "libc++";
				CLANG_ENABLE_MODULES = YES;
				CLANG_ENABLE_OBJC_ARC = YES;
				CLANG_ENABLE_OBJC_WEAK = YES;
				CLANG_WARN_BLOCK_CAPTURE_AUTORELEASING = YES;
				CLANG_WARN_BOOL_CONVERSION = YES;
				CLANG_WARN_COMMA = YES;
				CLANG_WARN_CONSTANT_CONVERSION = YES;
				CLANG_WARN_DEPRECATED_OBJC_IMPLEMENTATIONS = YES;
				CLANG_WARN_DIRECT_OBJC_ISA_USAGE = YES_ERROR;
				CLANG_WARN_DOCUMENTATION_COMMENTS = YES;
				CLANG_WARN_EMPTY_BODY = YES;
				CLANG_WARN_ENUM_CONVERSION = YES;
				CLANG_WARN_INFINITE_RECURSION = YES;
				CLANG_WARN_INT_CONVERSION = YES;
				CLANG_WARN_NON_LITERAL_NULL_CONVERSION = YES;
				CLANG_WARN_OBJC_IMPLICIT_RETAIN_SELF = YES;
				CLANG_WARN_OBJC_LITERAL_CONVERSION = YES;
				CLANG_WARN_OBJC_ROOT_CLASS = YES_ERROR;
				CLANG_WARN_QUOTED_INCLUDE_IN_FRAMEWORK_HEADER = YES;
				CLANG_WARN_RANGE_LOOP_ANALYSIS = YES;
				CLANG_WARN_STRICT_PROTOTYPES = YES;
				CLANG_WARN_SUSPICIOUS_MOVE = YES;
				CLANG_WARN_UNGUARDED_AVAILABILITY = YES_AGGRESSIVE;
				CLANG_WARN_UNREACHABLE_CODE = YES;
				CLANG_WARN__DUPLICATE_METHOD_MATCH = YES;
				COPY_PHASE_STRIP = NO;
				DEBUG_INFORMATION_FORMAT = dwarf;
				ENABLE_STRICT_OBJC_MSGSEND = YES;
				ENABLE_TESTABILITY = YES;
				GCC_C_LANGUAGE_STANDARD = gnu11;
				GCC_DYNAMIC_NO_PIC = NO;
				GCC_NO_COMMON_BLOCKS = YES;
				GCC_OPTIMIZATION_LEVEL = 0;
				GCC_PREPROCESSOR_DEFINITIONS = (
					"DEBUG=1",
					"$(inherited)",
				);
				GCC_WARN_64_TO_32_BIT_CONVERSION = YES;
				GCC_WARN_ABOUT_RETURN_TYPE = YES_ERROR;
				GCC_WARN_UNDECLARED_SELECTOR = YES;
				GCC_WARN_UNINITIALIZED_AUTOS = YES_AGGRESSIVE;
				GCC_WARN_UNUSED_FUNCTION = YES;
				GCC_WARN_UNUSED_VARIABLE = YES;
				IPHONEOS_DEPLOYMENT_TARGET = 14.0;
				MTL_ENABLE_DEBUG_INFO = INCLUDE_SOURCE;
				MTL_FAST_MATH = YES;
				ONLY_ACTIVE_ARCH = YES;
				SDKROOT = iphoneos;
				SWIFT_ACTIVE_COMPILATION_CONDITIONS = DEBUG;
				SWIFT_OPTIMIZATION_LEVEL = "-Onone";
			};
			name = Debug;
		};
		AD1F474A251FA00F000CA937 /* Release */ = {
			isa = XCBuildConfiguration;
			buildSettings = {
				ALWAYS_SEARCH_USER_PATHS = NO;
				CLANG_ANALYZER_NONNULL = YES;
				CLANG_ANALYZER_NUMBER_OBJECT_CONVERSION = YES_AGGRESSIVE;
				CLANG_CXX_LANGUAGE_STANDARD = "gnu++14";
				CLANG_CXX_LIBRARY = "libc++";
				CLANG_ENABLE_MODULES = YES;
				CLANG_ENABLE_OBJC_ARC = YES;
				CLANG_ENABLE_OBJC_WEAK = YES;
				CLANG_WARN_BLOCK_CAPTURE_AUTORELEASING = YES;
				CLANG_WARN_BOOL_CONVERSION = YES;
				CLANG_WARN_COMMA = YES;
				CLANG_WARN_CONSTANT_CONVERSION = YES;
				CLANG_WARN_DEPRECATED_OBJC_IMPLEMENTATIONS = YES;
				CLANG_WARN_DIRECT_OBJC_ISA_USAGE = YES_ERROR;
				CLANG_WARN_DOCUMENTATION_COMMENTS = YES;
				CLANG_WARN_EMPTY_BODY = YES;
				CLANG_WARN_ENUM_CONVERSION = YES;
				CLANG_WARN_INFINITE_RECURSION = YES;
				CLANG_WARN_INT_CONVERSION = YES;
				CLANG_WARN_NON_LITERAL_NULL_CONVERSION = YES;
				CLANG_WARN_OBJC_IMPLICIT_RETAIN_SELF = YES;
				CLANG_WARN_OBJC_LITERAL_CONVERSION = YES;
				CLANG_WARN_OBJC_ROOT_CLASS = YES_ERROR;
				CLANG_WARN_QUOTED_INCLUDE_IN_FRAMEWORK_HEADER = YES;
				CLANG_WARN_RANGE_LOOP_ANALYSIS = YES;
				CLANG_WARN_STRICT_PROTOTYPES = YES;
				CLANG_WARN_SUSPICIOUS_MOVE = YES;
				CLANG_WARN_UNGUARDED_AVAILABILITY = YES_AGGRESSIVE;
				CLANG_WARN_UNREACHABLE_CODE = YES;
				CLANG_WARN__DUPLICATE_METHOD_MATCH = YES;
				COPY_PHASE_STRIP = NO;
				DEBUG_INFORMATION_FORMAT = "dwarf-with-dsym";
				ENABLE_NS_ASSERTIONS = NO;
				ENABLE_STRICT_OBJC_MSGSEND = YES;
				GCC_C_LANGUAGE_STANDARD = gnu11;
				GCC_NO_COMMON_BLOCKS = YES;
				GCC_WARN_64_TO_32_BIT_CONVERSION = YES;
				GCC_WARN_ABOUT_RETURN_TYPE = YES_ERROR;
				GCC_WARN_UNDECLARED_SELECTOR = YES;
				GCC_WARN_UNINITIALIZED_AUTOS = YES_AGGRESSIVE;
				GCC_WARN_UNUSED_FUNCTION = YES;
				GCC_WARN_UNUSED_VARIABLE = YES;
				IPHONEOS_DEPLOYMENT_TARGET = 14.0;
				MTL_ENABLE_DEBUG_INFO = NO;
				MTL_FAST_MATH = YES;
				SDKROOT = iphoneos;
				SWIFT_COMPILATION_MODE = wholemodule;
				SWIFT_OPTIMIZATION_LEVEL = "-O";
				VALIDATE_PRODUCT = YES;
			};
			name = Release;
		};
		AD1F474C251FA00F000CA937 /* Debug */ = {
			isa = XCBuildConfiguration;
			buildSettings = {
				ASSETCATALOG_COMPILER_APPICON_NAME = AppIcon;
				ASSETCATALOG_COMPILER_GLOBAL_ACCENT_COLOR_NAME = AccentColor;
				CODE_SIGN_STYLE = Automatic;
				INFOPLIST_FILE = "Quiz App/Info.plist";
				IPHONEOS_DEPLOYMENT_TARGET = 14.0;
				LD_RUNPATH_SEARCH_PATHS = (
					"$(inherited)",
					"@executable_path/Frameworks",
				);
				PRODUCT_BUNDLE_IDENTIFIER = "com.mediadh.App.Quiz-App";
				PRODUCT_NAME = "$(TARGET_NAME)";
				SWIFT_VERSION = 5.0;
				TARGETED_DEVICE_FAMILY = "1,2";
			};
			name = Debug;
		};
		AD1F474D251FA00F000CA937 /* Release */ = {
			isa = XCBuildConfiguration;
			buildSettings = {
				ASSETCATALOG_COMPILER_APPICON_NAME = AppIcon;
				ASSETCATALOG_COMPILER_GLOBAL_ACCENT_COLOR_NAME = AccentColor;
				CODE_SIGN_STYLE = Automatic;
				INFOPLIST_FILE = "Quiz App/Info.plist";
				IPHONEOS_DEPLOYMENT_TARGET = 14.0;
				LD_RUNPATH_SEARCH_PATHS = (
					"$(inherited)",
					"@executable_path/Frameworks",
				);
				PRODUCT_BUNDLE_IDENTIFIER = "com.mediadh.App.Quiz-App";
				PRODUCT_NAME = "$(TARGET_NAME)";
				SWIFT_VERSION = 5.0;
				TARGETED_DEVICE_FAMILY = "1,2";
			};
			name = Release;
		};
		AD1F474F251FA00F000CA937 /* Debug */ = {
			isa = XCBuildConfiguration;
			buildSettings = {
				ALWAYS_EMBED_SWIFT_STANDARD_LIBRARIES = YES;
				BUNDLE_LOADER = "$(TEST_HOST)";
				CODE_SIGN_STYLE = Automatic;
				INFOPLIST_FILE = "Quiz AppTests/Info.plist";
				IPHONEOS_DEPLOYMENT_TARGET = 14.0;
				LD_RUNPATH_SEARCH_PATHS = (
					"$(inherited)",
					"@executable_path/Frameworks",
					"@loader_path/Frameworks",
				);
				PRODUCT_BUNDLE_IDENTIFIER = "com.mediadh.App.Quiz-AppTests";
				PRODUCT_NAME = "$(TARGET_NAME)";
				SWIFT_VERSION = 5.0;
				TARGETED_DEVICE_FAMILY = "1,2";
				TEST_HOST = "$(BUILT_PRODUCTS_DIR)/Quiz App.app/Quiz App";
			};
			name = Debug;
		};
		AD1F4750251FA00F000CA937 /* Release */ = {
			isa = XCBuildConfiguration;
			buildSettings = {
				ALWAYS_EMBED_SWIFT_STANDARD_LIBRARIES = YES;
				BUNDLE_LOADER = "$(TEST_HOST)";
				CODE_SIGN_STYLE = Automatic;
				INFOPLIST_FILE = "Quiz AppTests/Info.plist";
				IPHONEOS_DEPLOYMENT_TARGET = 14.0;
				LD_RUNPATH_SEARCH_PATHS = (
					"$(inherited)",
					"@executable_path/Frameworks",
					"@loader_path/Frameworks",
				);
				PRODUCT_BUNDLE_IDENTIFIER = "com.mediadh.App.Quiz-AppTests";
				PRODUCT_NAME = "$(TARGET_NAME)";
				SWIFT_VERSION = 5.0;
				TARGETED_DEVICE_FAMILY = "1,2";
				TEST_HOST = "$(BUILT_PRODUCTS_DIR)/Quiz App.app/Quiz App";
			};
			name = Release;
		};
		AD1F4752251FA00F000CA937 /* Debug */ = {
			isa = XCBuildConfiguration;
			buildSettings = {
				ALWAYS_EMBED_SWIFT_STANDARD_LIBRARIES = YES;
				CODE_SIGN_STYLE = Automatic;
				INFOPLIST_FILE = "Quiz AppUITests/Info.plist";
				LD_RUNPATH_SEARCH_PATHS = (
					"$(inherited)",
					"@executable_path/Frameworks",
					"@loader_path/Frameworks",
				);
				PRODUCT_BUNDLE_IDENTIFIER = "com.mediadh.App.Quiz-AppUITests";
				PRODUCT_NAME = "$(TARGET_NAME)";
				SWIFT_VERSION = 5.0;
				TARGETED_DEVICE_FAMILY = "1,2";
				TEST_TARGET_NAME = "Quiz App";
			};
			name = Debug;
		};
		AD1F4753251FA00F000CA937 /* Release */ = {
			isa = XCBuildConfiguration;
			buildSettings = {
				ALWAYS_EMBED_SWIFT_STANDARD_LIBRARIES = YES;
				CODE_SIGN_STYLE = Automatic;
				INFOPLIST_FILE = "Quiz AppUITests/Info.plist";
				LD_RUNPATH_SEARCH_PATHS = (
					"$(inherited)",
					"@executable_path/Frameworks",
					"@loader_path/Frameworks",
				);
				PRODUCT_BUNDLE_IDENTIFIER = "com.mediadh.App.Quiz-AppUITests";
				PRODUCT_NAME = "$(TARGET_NAME)";
				SWIFT_VERSION = 5.0;
				TARGETED_DEVICE_FAMILY = "1,2";
				TEST_TARGET_NAME = "Quiz App";
			};
			name = Release;
		};
/* End XCBuildConfiguration section */

/* Begin XCConfigurationList section */
		AD1F471C251FA00E000CA937 /* Build configuration list for PBXProject "Quiz App" */ = {
			isa = XCConfigurationList;
			buildConfigurations = (
				AD1F4749251FA00F000CA937 /* Debug */,
				AD1F474A251FA00F000CA937 /* Release */,
			);
			defaultConfigurationIsVisible = 0;
			defaultConfigurationName = Release;
		};
		AD1F474B251FA00F000CA937 /* Build configuration list for PBXNativeTarget "Quiz App" */ = {
			isa = XCConfigurationList;
			buildConfigurations = (
				AD1F474C251FA00F000CA937 /* Debug */,
				AD1F474D251FA00F000CA937 /* Release */,
			);
			defaultConfigurationIsVisible = 0;
			defaultConfigurationName = Release;
		};
		AD1F474E251FA00F000CA937 /* Build configuration list for PBXNativeTarget "Quiz AppTests" */ = {
			isa = XCConfigurationList;
			buildConfigurations = (
				AD1F474F251FA00F000CA937 /* Debug */,
				AD1F4750251FA00F000CA937 /* Release */,
			);
			defaultConfigurationIsVisible = 0;
			defaultConfigurationName = Release;
		};
		AD1F4751251FA00F000CA937 /* Build configuration list for PBXNativeTarget "Quiz AppUITests" */ = {
			isa = XCConfigurationList;
			buildConfigurations = (
				AD1F4752251FA00F000CA937 /* Debug */,
				AD1F4753251FA00F000CA937 /* Release */,
			);
			defaultConfigurationIsVisible = 0;
			defaultConfigurationName = Release;
		};
/* End XCConfigurationList section */
	};
	rootObject = AD1F4719251FA00E000CA937 /* Project object */;
}
